// !$*UTF8*$!
{
	archiveVersion = 1;
	classes = {
	};
	objectVersion = 77;
	objects = {

/* Begin PBXContainerItemProxy section */
		A080C58C2EF49DCB0072E823 /* PBXContainerItemProxy */ = {
			isa = PBXContainerItemProxy;
			containerPortal = A080C5762EF49DCA0072E823 /* Project object */;
			proxyType = 1;
			remoteGlobalIDString = A080C57D2EF49DCA0072E823;
			remoteInfo = plantlog;
		};
		A080C5962EF49DCB0072E823 /* PBXContainerItemProxy */ = {
			isa = PBXContainerItemProxy;
			containerPortal = A080C5762EF49DCA0072E823 /* Project object */;
			proxyType = 1;
			remoteGlobalIDString = A080C57D2EF49DCA0072E823;
			remoteInfo = plantlog;
		};
/* End PBXContainerItemProxy section */

/* Begin PBXFileReference section */
		A080C57E2EF49DCA0072E823 /* plantlog.app */ = {isa = PBXFileReference; explicitFileType = wrapper.application; includeInIndex = 0; path = plantlog.app; sourceTree = BUILT_PRODUCTS_DIR; };
		A080C58B2EF49DCB0072E823 /* plantlogTests.xctest */ = {isa = PBXFileReference; explicitFileType = wrapper.cfbundle; includeInIndex = 0; path = plantlogTests.xctest; sourceTree = BUILT_PRODUCTS_DIR; };
		A080C5952EF49DCB0072E823 /* plantlogUITests.xctest */ = {isa = PBXFileReference; explicitFileType = wrapper.cfbundle; includeInIndex = 0; path = plantlogUITests.xctest; sourceTree = BUILT_PRODUCTS_DIR; };
/* End PBXFileReference section */

/* Begin PBXFileSystemSynchronizedRootGroup section */
		A080C5802EF49DCA0072E823 /* plantlog */ = {
			isa = PBXFileSystemSynchronizedRootGroup;
			path = plantlog;
			sourceTree = "<group>";
		};
		A080C58E2EF49DCB0072E823 /* plantlogTests */ = {
			isa = PBXFileSystemSynchronizedRootGroup;
			path = plantlogTests;
			sourceTree = "<group>";
		};
		A080C5982EF49DCB0072E823 /* plantlogUITests */ = {
			isa = PBXFileSystemSynchronizedRootGroup;
			path = plantlogUITests;
			sourceTree = "<group>";
		};
/* End PBXFileSystemSynchronizedRootGroup section */

/* Begin PBXFrameworksBuildPhase section */
		A080C57B2EF49DCA0072E823 /* Frameworks */ = {
			isa = PBXFrameworksBuildPhase;
			buildActionMask = 2147483647;
			files = (
			);
			runOnlyForDeploymentPostprocessing = 0;
		};
		A080C5882EF49DCB0072E823 /* Frameworks */ = {
			isa = PBXFrameworksBuildPhase;
			buildActionMask = 2147483647;
			files = (
			);
			runOnlyForDeploymentPostprocessing = 0;
		};
		A080C5922EF49DCB0072E823 /* Frameworks */ = {
			isa = PBXFrameworksBuildPhase;
			buildActionMask = 2147483647;
			files = (
			);
			runOnlyForDeploymentPostprocessing = 0;
		};
/* End PBXFrameworksBuildPhase section */

/* Begin PBXGroup section */
		A080C5752EF49DCA0072E823 = {
			isa = PBXGroup;
			children = (
				A080C5802EF49DCA0072E823 /* plantlog */,
				A080C58E2EF49DCB0072E823 /* plantlogTests */,
				A080C5982EF49DCB0072E823 /* plantlogUITests */,
				A080C57F2EF49DCA0072E823 /* Products */,
			);
			sourceTree = "<group>";
		};
		A080C57F2EF49DCA0072E823 /* Products */ = {
			isa = PBXGroup;
			children = (
				A080C57E2EF49DCA0072E823 /* plantlog.app */,
				A080C58B2EF49DCB0072E823 /* plantlogTests.xctest */,
				A080C5952EF49DCB0072E823 /* plantlogUITests.xctest */,
			);
			name = Products;
			sourceTree = "<group>";
		};
/* End PBXGroup section */

/* Begin PBXNativeTarget section */
		A080C57D2EF49DCA0072E823 /* plantlog */ = {
			isa = PBXNativeTarget;
			buildConfigurationList = A080C59F2EF49DCB0072E823 /* Build configuration list for PBXNativeTarget "plantlog" */;
			buildPhases = (
				A080C57A2EF49DCA0072E823 /* Sources */,
				A080C57B2EF49DCA0072E823 /* Frameworks */,
				A080C57C2EF49DCA0072E823 /* Resources */,
			);
			buildRules = (
			);
			dependencies = (
			);
			fileSystemSynchronizedGroups = (
				A080C5802EF49DCA0072E823 /* plantlog */,
			);
			name = plantlog;
			packageProductDependencies = (
			);
			productName = plantlog;
			productReference = A080C57E2EF49DCA0072E823 /* plantlog.app */;
			productType = "com.apple.product-type.application";
		};
		A080C58A2EF49DCB0072E823 /* plantlogTests */ = {
			isa = PBXNativeTarget;
			buildConfigurationList = A080C5A22EF49DCB0072E823 /* Build configuration list for PBXNativeTarget "plantlogTests" */;
			buildPhases = (
				A080C5872EF49DCB0072E823 /* Sources */,
				A080C5882EF49DCB0072E823 /* Frameworks */,
				A080C5892EF49DCB0072E823 /* Resources */,
			);
			buildRules = (
			);
			dependencies = (
				A080C58D2EF49DCB0072E823 /* PBXTargetDependency */,
			);
			fileSystemSynchronizedGroups = (
				A080C58E2EF49DCB0072E823 /* plantlogTests */,
			);
			name = plantlogTests;
			packageProductDependencies = (
			);
			productName = plantlogTests;
			productReference = A080C58B2EF49DCB0072E823 /* plantlogTests.xctest */;
			productType = "com.apple.product-type.bundle.unit-test";
		};
		A080C5942EF49DCB0072E823 /* plantlogUITests */ = {
			isa = PBXNativeTarget;
			buildConfigurationList = A080C5A52EF49DCB0072E823 /* Build configuration list for PBXNativeTarget "plantlogUITests" */;
			buildPhases = (
				A080C5912EF49DCB0072E823 /* Sources */,
				A080C5922EF49DCB0072E823 /* Frameworks */,
				A080C5932EF49DCB0072E823 /* Resources */,
			);
			buildRules = (
			);
			dependencies = (
				A080C5972EF49DCB0072E823 /* PBXTargetDependency */,
			);
			fileSystemSynchronizedGroups = (
				A080C5982EF49DCB0072E823 /* plantlogUITests */,
			);
			name = plantlogUITests;
			packageProductDependencies = (
			);
			productName = plantlogUITests;
			productReference = A080C5952EF49DCB0072E823 /* plantlogUITests.xctest */;
			productType = "com.apple.product-type.bundle.ui-testing";
		};
/* End PBXNativeTarget section */

/* Begin PBXProject section */
		A080C5762EF49DCA0072E823 /* Project object */ = {
			isa = PBXProject;
			attributes = {
				BuildIndependentTargetsInParallel = 1;
				LastSwiftUpdateCheck = 1630;
				LastUpgradeCheck = 1630;
				TargetAttributes = {
					A080C57D2EF49DCA0072E823 = {
						CreatedOnToolsVersion = 16.3;
					};
					A080C58A2EF49DCB0072E823 = {
						CreatedOnToolsVersion = 16.3;
						TestTargetID = A080C57D2EF49DCA0072E823;
					};
					A080C5942EF49DCB0072E823 = {
						CreatedOnToolsVersion = 16.3;
						TestTargetID = A080C57D2EF49DCA0072E823;
					};
				};
			};
			buildConfigurationList = A080C5792EF49DCA0072E823 /* Build configuration list for PBXProject "plantlog" */;
			developmentRegion = en;
			hasScannedForEncodings = 0;
			knownRegions = (
				en,
				Base,
			);
			mainGroup = A080C5752EF49DCA0072E823;
			minimizedProjectReferenceProxies = 1;
			preferredProjectObjectVersion = 77;
			productRefGroup = A080C57F2EF49DCA0072E823 /* Products */;
			projectDirPath = "";
			projectRoot = "";
			targets = (
				A080C57D2EF49DCA0072E823 /* plantlog */,
				A080C58A2EF49DCB0072E823 /* plantlogTests */,
				A080C5942EF49DCB0072E823 /* plantlogUITests */,
			);
		};
/* End PBXProject section */

/* Begin PBXResourcesBuildPhase section */
		A080C57C2EF49DCA0072E823 /* Resources */ = {
			isa = PBXResourcesBuildPhase;
			buildActionMask = 2147483647;
			files = (
			);
			runOnlyForDeploymentPostprocessing = 0;
		};
		A080C5892EF49DCB0072E823 /* Resources */ = {
			isa = PBXResourcesBuildPhase;
			buildActionMask = 2147483647;
			files = (
			);
			runOnlyForDeploymentPostprocessing = 0;
		};
		A080C5932EF49DCB0072E823 /* Resources */ = {
			isa = PBXResourcesBuildPhase;
			buildActionMask = 2147483647;
			files = (
			);
			runOnlyForDeploymentPostprocessing = 0;
		};
/* End PBXResourcesBuildPhase section */

/* Begin PBXSourcesBuildPhase section */
		A080C57A2EF49DCA0072E823 /* Sources */ = {
			isa = PBXSourcesBuildPhase;
			buildActionMask = 2147483647;
			files = (
			);
			runOnlyForDeploymentPostprocessing = 0;
		};
		A080C5872EF49DCB0072E823 /* Sources */ = {
			isa = PBXSourcesBuildPhase;
			buildActionMask = 2147483647;
			files = (
			);
			runOnlyForDeploymentPostprocessing = 0;
		};
		A080C5912EF49DCB0072E823 /* Sources */ = {
			isa = PBXSourcesBuildPhase;
			buildActionMask = 2147483647;
			files = (
			);
			runOnlyForDeploymentPostprocessing = 0;
		};
/* End PBXSourcesBuildPhase section */

/* Begin PBXTargetDependency section */
		A080C58D2EF49DCB0072E823 /* PBXTargetDependency */ = {
			isa = PBXTargetDependency;
			target = A080C57D2EF49DCA0072E823 /* plantlog */;
			targetProxy = A080C58C2EF49DCB0072E823 /* PBXContainerItemProxy */;
		};
		A080C5972EF49DCB0072E823 /* PBXTargetDependency */ = {
			isa = PBXTargetDependency;
			target = A080C57D2EF49DCA0072E823 /* plantlog */;
			targetProxy = A080C5962EF49DCB0072E823 /* PBXContainerItemProxy */;
		};
/* End PBXTargetDependency section */

/* Begin XCBuildConfiguration section */
		A080C59D2EF49DCB0072E823 /* Debug */ = {
			isa = XCBuildConfiguration;
			buildSettings = {
				ALWAYS_SEARCH_USER_PATHS = NO;
				ASSETCATALOG_COMPILER_GENERATE_SWIFT_ASSET_SYMBOL_EXTENSIONS = YES;
				CLANG_ANALYZER_NONNULL = YES;
				CLANG_ANALYZER_NUMBER_OBJECT_CONVERSION = YES_AGGRESSIVE;
				CLANG_CXX_LANGUAGE_STANDARD = "gnu++20";
				CLANG_ENABLE_MODULES = YES;
				CLANG_ENABLE_OBJC_ARC = YES;
				CLANG_ENABLE_OBJC_WEAK = YES;
				CLANG_WARN_BLOCK_CAPTURE_AUTORELEASING = YES;
				CLANG_WARN_BOOL_CONVERSION = YES;
				CLANG_WARN_COMMA = YES;
				CLANG_WARN_CONSTANT_CONVERSION = YES;
				CLANG_WARN_DEPRECATED_OBJC_IMPLEMENTATIONS = YES;
				CLANG_WARN_DIRECT_OBJC_ISA_USAGE = YES_ERROR;
				CLANG_WARN_DOCUMENTATION_COMMENTS = YES;
				CLANG_WARN_EMPTY_BODY = YES;
				CLANG_WARN_ENUM_CONVERSION = YES;
				CLANG_WARN_INFINITE_RECURSION = YES;
				CLANG_WARN_INT_CONVERSION = YES;
				CLANG_WARN_NON_LITERAL_NULL_CONVERSION = YES;
				CLANG_WARN_OBJC_IMPLICIT_RETAIN_SELF = YES;
				CLANG_WARN_OBJC_LITERAL_CONVERSION = YES;
				CLANG_WARN_OBJC_ROOT_CLASS = YES_ERROR;
				CLANG_WARN_QUOTED_INCLUDE_IN_FRAMEWORK_HEADER = YES;
				CLANG_WARN_RANGE_LOOP_ANALYSIS = YES;
				CLANG_WARN_STRICT_PROTOTYPES = YES;
				CLANG_WARN_SUSPICIOUS_MOVE = YES;
				CLANG_WARN_UNGUARDED_AVAILABILITY = YES_AGGRESSIVE;
				CLANG_WARN_UNREACHABLE_CODE = YES;
				CLANG_WARN__DUPLICATE_METHOD_MATCH = YES;
				COPY_PHASE_STRIP = NO;
				DEBUG_INFORMATION_FORMAT = dwarf;
				ENABLE_STRICT_OBJC_MSGSEND = YES;
				ENABLE_TESTABILITY = YES;
				ENABLE_USER_SCRIPT_SANDBOXING = YES;
				GCC_C_LANGUAGE_STANDARD = gnu17;
				GCC_DYNAMIC_NO_PIC = NO;
				GCC_NO_COMMON_BLOCKS = YES;
				GCC_OPTIMIZATION_LEVEL = 0;
				GCC_PREPROCESSOR_DEFINITIONS = (
					"DEBUG=1",
					"$(inherited)",
				);
				GCC_WARN_64_TO_32_BIT_CONVERSION = YES;
				GCC_WARN_ABOUT_RETURN_TYPE = YES_ERROR;
				GCC_WARN_UNDECLARED_SELECTOR = YES;
				GCC_WARN_UNINITIALIZED_AUTOS = YES_AGGRESSIVE;
				GCC_WARN_UNUSED_FUNCTION = YES;
				GCC_WARN_UNUSED_VARIABLE = YES;
				IPHONEOS_DEPLOYMENT_TARGET = 18.4;
				LOCALIZATION_PREFERS_STRING_CATALOGS = YES;
				MTL_ENABLE_DEBUG_INFO = INCLUDE_SOURCE;
				MTL_FAST_MATH = YES;
				ONLY_ACTIVE_ARCH = YES;
				SDKROOT = iphoneos;
				SWIFT_ACTIVE_COMPILATION_CONDITIONS = "DEBUG $(inherited)";
				SWIFT_OPTIMIZATION_LEVEL = "-Onone";
			};
			name = Debug;
		};
		A080C59E2EF49DCB0072E823 /* Release */ = {
			isa = XCBuildConfiguration;
			buildSettings = {
				ALWAYS_SEARCH_USER_PATHS = NO;
				ASSETCATALOG_COMPILER_GENERATE_SWIFT_ASSET_SYMBOL_EXTENSIONS = YES;
				CLANG_ANALYZER_NONNULL = YES;
				CLANG_ANALYZER_NUMBER_OBJECT_CONVERSION = YES_AGGRESSIVE;
				CLANG_CXX_LANGUAGE_STANDARD = "gnu++20";
				CLANG_ENABLE_MODULES = YES;
				CLANG_ENABLE_OBJC_ARC = YES;
				CLANG_ENABLE_OBJC_WEAK = YES;
				CLANG_WARN_BLOCK_CAPTURE_AUTORELEASING = YES;
				CLANG_WARN_BOOL_CONVERSION = YES;
				CLANG_WARN_COMMA = YES;
				CLANG_WARN_CONSTANT_CONVERSION = YES;
				CLANG_WARN_DEPRECATED_OBJC_IMPLEMENTATIONS = YES;
				CLANG_WARN_DIRECT_OBJC_ISA_USAGE = YES_ERROR;
				CLANG_WARN_DOCUMENTATION_COMMENTS = YES;
				CLANG_WARN_EMPTY_BODY = YES;
				CLANG_WARN_ENUM_CONVERSION = YES;
				CLANG_WARN_INFINITE_RECURSION = YES;
				CLANG_WARN_INT_CONVERSION = YES;
				CLANG_WARN_NON_LITERAL_NULL_CONVERSION = YES;
				CLANG_WARN_OBJC_IMPLICIT_RETAIN_SELF = YES;
				CLANG_WARN_OBJC_LITERAL_CONVERSION = YES;
				CLANG_WARN_OBJC_ROOT_CLASS = YES_ERROR;
				CLANG_WARN_QUOTED_INCLUDE_IN_FRAMEWORK_HEADER = YES;
				CLANG_WARN_RANGE_LOOP_ANALYSIS = YES;
				CLANG_WARN_STRICT_PROTOTYPES = YES;
				CLANG_WARN_SUSPICIOUS_MOVE = YES;
				CLANG_WARN_UNGUARDED_AVAILABILITY = YES_AGGRESSIVE;
				CLANG_WARN_UNREACHABLE_CODE = YES;
				CLANG_WARN__DUPLICATE_METHOD_MATCH = YES;
				COPY_PHASE_STRIP = NO;
				DEBUG_INFORMATION_FORMAT = "dwarf-with-dsym";
				ENABLE_NS_ASSERTIONS = NO;
				ENABLE_STRICT_OBJC_MSGSEND = YES;
				ENABLE_USER_SCRIPT_SANDBOXING = YES;
				GCC_C_LANGUAGE_STANDARD = gnu17;
				GCC_NO_COMMON_BLOCKS = YES;
				GCC_WARN_64_TO_32_BIT_CONVERSION = YES;
				GCC_WARN_ABOUT_RETURN_TYPE = YES_ERROR;
				GCC_WARN_UNDECLARED_SELECTOR = YES;
				GCC_WARN_UNINITIALIZED_AUTOS = YES_AGGRESSIVE;
				GCC_WARN_UNUSED_FUNCTION = YES;
				GCC_WARN_UNUSED_VARIABLE = YES;
				IPHONEOS_DEPLOYMENT_TARGET = 18.4;
				LOCALIZATION_PREFERS_STRING_CATALOGS = YES;
				MTL_ENABLE_DEBUG_INFO = NO;
				MTL_FAST_MATH = YES;
				SDKROOT = iphoneos;
				SWIFT_COMPILATION_MODE = wholemodule;
				VALIDATE_PRODUCT = YES;
			};
			name = Release;
		};
		A080C5A02EF49DCB0072E823 /* Debug */ = {
			isa = XCBuildConfiguration;
			buildSettings = {
				ASSETCATALOG_COMPILER_APPICON_NAME = AppIcon;
				ASSETCATALOG_COMPILER_GLOBAL_ACCENT_COLOR_NAME = AccentColor;
				CODE_SIGN_STYLE = Automatic;
				CURRENT_PROJECT_VERSION = 1;
				ENABLE_PREVIEWS = YES;
				GENERATE_INFOPLIST_FILE = YES;
				INFOPLIST_KEY_UIApplicationSceneManifest_Generation = YES;
				INFOPLIST_KEY_UIApplicationSupportsIndirectInputEvents = YES;
				INFOPLIST_KEY_UILaunchScreen_Generation = YES;
				INFOPLIST_KEY_UISupportedInterfaceOrientations_iPad = "UIInterfaceOrientationPortrait UIInterfaceOrientationPortraitUpsideDown UIInterfaceOrientationLandscapeLeft UIInterfaceOrientationLandscapeRight";
				INFOPLIST_KEY_UISupportedInterfaceOrientations_iPhone = "UIInterfaceOrientationPortrait UIInterfaceOrientationLandscapeLeft UIInterfaceOrientationLandscapeRight";
				LD_RUNPATH_SEARCH_PATHS = (
					"$(inherited)",
					"@executable_path/Frameworks",
				);
				MARKETING_VERSION = 1.0;
				PRODUCT_BUNDLE_IDENTIFIER = hochschule.campus.wien.plantlog;
				PRODUCT_NAME = "$(TARGET_NAME)";
				SWIFT_EMIT_LOC_STRINGS = YES;
				SWIFT_VERSION = 5.0;
				TARGETED_DEVICE_FAMILY = "1,2";
			};
			name = Debug;
		};
		A080C5A12EF49DCB0072E823 /* Release */ = {
			isa = XCBuildConfiguration;
			buildSettings = {
				ASSETCATALOG_COMPILER_APPICON_NAME = AppIcon;
				ASSETCATALOG_COMPILER_GLOBAL_ACCENT_COLOR_NAME = AccentColor;
				CODE_SIGN_STYLE = Automatic;
				CURRENT_PROJECT_VERSION = 1;
				ENABLE_PREVIEWS = YES;
				GENERATE_INFOPLIST_FILE = YES;
				INFOPLIST_KEY_UIApplicationSceneManifest_Generation = YES;
				INFOPLIST_KEY_UIApplicationSupportsIndirectInputEvents = YES;
				INFOPLIST_KEY_UILaunchScreen_Generation = YES;
				INFOPLIST_KEY_UISupportedInterfaceOrientations_iPad = "UIInterfaceOrientationPortrait UIInterfaceOrientationPortraitUpsideDown UIInterfaceOrientationLandscapeLeft UIInterfaceOrientationLandscapeRight";
				INFOPLIST_KEY_UISupportedInterfaceOrientations_iPhone = "UIInterfaceOrientationPortrait UIInterfaceOrientationLandscapeLeft UIInterfaceOrientationLandscapeRight";
				LD_RUNPATH_SEARCH_PATHS = (
					"$(inherited)",
					"@executable_path/Frameworks",
				);
				MARKETING_VERSION = 1.0;
				PRODUCT_BUNDLE_IDENTIFIER = hochschule.campus.wien.plantlog;
				PRODUCT_NAME = "$(TARGET_NAME)";
				SWIFT_EMIT_LOC_STRINGS = YES;
				SWIFT_VERSION = 5.0;
				TARGETED_DEVICE_FAMILY = "1,2";
			};
			name = Release;
		};
		A080C5A32EF49DCB0072E823 /* Debug */ = {
			isa = XCBuildConfiguration;
			buildSettings = {
				BUNDLE_LOADER = "$(TEST_HOST)";
				CODE_SIGN_STYLE = Automatic;
				CURRENT_PROJECT_VERSION = 1;
				GENERATE_INFOPLIST_FILE = YES;
				IPHONEOS_DEPLOYMENT_TARGET = 18.4;
				MARKETING_VERSION = 1.0;
				PRODUCT_BUNDLE_IDENTIFIER = hochschule.campus.wien.plantlogTests;
				PRODUCT_NAME = "$(TARGET_NAME)";
				SWIFT_EMIT_LOC_STRINGS = NO;
				SWIFT_VERSION = 5.0;
				TARGETED_DEVICE_FAMILY = "1,2";
				TEST_HOST = "$(BUILT_PRODUCTS_DIR)/plantlog.app/$(BUNDLE_EXECUTABLE_FOLDER_PATH)/plantlog";
			};
			name = Debug;
		};
		A080C5A42EF49DCB0072E823 /* Release */ = {
			isa = XCBuildConfiguration;
			buildSettings = {
				BUNDLE_LOADER = "$(TEST_HOST)";
				CODE_SIGN_STYLE = Automatic;
				CURRENT_PROJECT_VERSION = 1;
				GENERATE_INFOPLIST_FILE = YES;
				IPHONEOS_DEPLOYMENT_TARGET = 18.4;
				MARKETING_VERSION = 1.0;
				PRODUCT_BUNDLE_IDENTIFIER = hochschule.campus.wien.plantlogTests;
				PRODUCT_NAME = "$(TARGET_NAME)";
				SWIFT_EMIT_LOC_STRINGS = NO;
				SWIFT_VERSION = 5.0;
				TARGETED_DEVICE_FAMILY = "1,2";
				TEST_HOST = "$(BUILT_PRODUCTS_DIR)/plantlog.app/$(BUNDLE_EXECUTABLE_FOLDER_PATH)/plantlog";
			};
			name = Release;
		};
		A080C5A62EF49DCB0072E823 /* Debug */ = {
			isa = XCBuildConfiguration;
			buildSettings = {
				CODE_SIGN_STYLE = Automatic;
				CURRENT_PROJECT_VERSION = 1;
				GENERATE_INFOPLIST_FILE = YES;
				MARKETING_VERSION = 1.0;
				PRODUCT_BUNDLE_IDENTIFIER = hochschule.campus.wien.plantlogUITests;
				PRODUCT_NAME = "$(TARGET_NAME)";
				SWIFT_EMIT_LOC_STRINGS = NO;
				SWIFT_VERSION = 5.0;
				TARGETED_DEVICE_FAMILY = "1,2";
				TEST_TARGET_NAME = plantlog;
			};
			name = Debug;
		};
		A080C5A72EF49DCB0072E823 /* Release */ = {
			isa = XCBuildConfiguration;
			buildSettings = {
				CODE_SIGN_STYLE = Automatic;
				CURRENT_PROJECT_VERSION = 1;
				GENERATE_INFOPLIST_FILE = YES;
				MARKETING_VERSION = 1.0;
				PRODUCT_BUNDLE_IDENTIFIER = hochschule.campus.wien.plantlogUITests;
				PRODUCT_NAME = "$(TARGET_NAME)";
				SWIFT_EMIT_LOC_STRINGS = NO;
				SWIFT_VERSION = 5.0;
				TARGETED_DEVICE_FAMILY = "1,2";
				TEST_TARGET_NAME = plantlog;
			};
			name = Release;
		};
/* End XCBuildConfiguration section */

/* Begin XCConfigurationList section */
		A080C5792EF49DCA0072E823 /* Build configuration list for PBXProject "plantlog" */ = {
			isa = XCConfigurationList;
			buildConfigurations = (
				A080C59D2EF49DCB0072E823 /* Debug */,
				A080C59E2EF49DCB0072E823 /* Release */,
			);
			defaultConfigurationIsVisible = 0;
			defaultConfigurationName = Release;
		};
		A080C59F2EF49DCB0072E823 /* Build configuration list for PBXNativeTarget "plantlog" */ = {
			isa = XCConfigurationList;
			buildConfigurations = (
				A080C5A02EF49DCB0072E823 /* Debug */,
				A080C5A12EF49DCB0072E823 /* Release */,
			);
			defaultConfigurationIsVisible = 0;
			defaultConfigurationName = Release;
		};
		A080C5A22EF49DCB0072E823 /* Build configuration list for PBXNativeTarget "plantlogTests" */ = {
			isa = XCConfigurationList;
			buildConfigurations = (
				A080C5A32EF49DCB0072E823 /* Debug */,
				A080C5A42EF49DCB0072E823 /* Release */,
			);
			defaultConfigurationIsVisible = 0;
			defaultConfigurationName = Release;
		};
		A080C5A52EF49DCB0072E823 /* Build configuration list for PBXNativeTarget "plantlogUITests" */ = {
			isa = XCConfigurationList;
			buildConfigurations = (
				A080C5A62EF49DCB0072E823 /* Debug */,
				A080C5A72EF49DCB0072E823 /* Release */,
			);
			defaultConfigurationIsVisible = 0;
			defaultConfigurationName = Release;
		};
/* End XCConfigurationList section */
	};
	rootObject = A080C5762EF49DCA0072E823 /* Project object */;
}
